// !$*UTF8*$!
{
	archiveVersion = 1;
	classes = {
	};
	objectVersion = 46;
	objects = {

/* Begin PBXBuildFile section */
		204AD4BD1B17046F0042FAE7 /* AppDelegate.swift in Sources */ = {isa = PBXBuildFile; fileRef = 204AD4BC1B17046F0042FAE7 /* AppDelegate.swift */; };
		204AD4BF1B17046F0042FAE7 /* ViewController.swift in Sources */ = {isa = PBXBuildFile; fileRef = 204AD4BE1B17046F0042FAE7 /* ViewController.swift */; };
		204AD4C21B17046F0042FAE7 /* Main.storyboard in Resources */ = {isa = PBXBuildFile; fileRef = 204AD4C01B17046F0042FAE7 /* Main.storyboard */; };
		204AD4C41B17046F0042FAE7 /* Images.xcassets in Resources */ = {isa = PBXBuildFile; fileRef = 204AD4C31B17046F0042FAE7 /* Images.xcassets */; };
		204AD4C71B17046F0042FAE7 /* LaunchScreen.xib in Resources */ = {isa = PBXBuildFile; fileRef = 204AD4C51B17046F0042FAE7 /* LaunchScreen.xib */; };
		204AD4D31B17046F0042FAE7 /* What_s_The_Weather_Fella_Tests.swift in Sources */ = {isa = PBXBuildFile; fileRef = 204AD4D21B17046F0042FAE7 /* What_s_The_Weather_Fella_Tests.swift */; };
		204AD4DD1B1705CF0042FAE7 /* dark_clouds_hd_by_mattthesamurai-d37p539.jpg in Resources */ = {isa = PBXBuildFile; fileRef = 204AD4DC1B1705CF0042FAE7 /* dark_clouds_hd_by_mattthesamurai-d37p539.jpg */; };
/* End PBXBuildFile section */

/* Begin PBXContainerItemProxy section */
		204AD4CD1B17046F0042FAE7 /* PBXContainerItemProxy */ = {
			isa = PBXContainerItemProxy;
			containerPortal = 204AD4AF1B17046F0042FAE7 /* Project object */;
			proxyType = 1;
			remoteGlobalIDString = 204AD4B61B17046F0042FAE7;
			remoteInfo = "What's The Weather Fella?";
		};
/* End PBXContainerItemProxy section */

/* Begin PBXFileReference section */
		204AD4B71B17046F0042FAE7 /* What's The Weather Fella?.app */ = {isa = PBXFileReference; explicitFileType = wrapper.application; includeInIndex = 0; path = "What's The Weather Fella?.app"; sourceTree = BUILT_PRODUCTS_DIR; };
		204AD4BB1B17046F0042FAE7 /* Info.plist */ = {isa = PBXFileReference; lastKnownFileType = text.plist.xml; path = Info.plist; sourceTree = "<group>"; };
		204AD4BC1B17046F0042FAE7 /* AppDelegate.swift */ = {isa = PBXFileReference; lastKnownFileType = sourcecode.swift; path = AppDelegate.swift; sourceTree = "<group>"; };
		204AD4BE1B17046F0042FAE7 /* ViewController.swift */ = {isa = PBXFileReference; lastKnownFileType = sourcecode.swift; path = ViewController.swift; sourceTree = "<group>"; };
		204AD4C11B17046F0042FAE7 /* Base */ = {isa = PBXFileReference; lastKnownFileType = file.storyboard; name = Base; path = Base.lproj/Main.storyboard; sourceTree = "<group>"; };
		204AD4C31B17046F0042FAE7 /* Images.xcassets */ = {isa = PBXFileReference; lastKnownFileType = folder.assetcatalog; path = Images.xcassets; sourceTree = "<group>"; };
		204AD4C61B17046F0042FAE7 /* Base */ = {isa = PBXFileReference; lastKnownFileType = file.xib; name = Base; path = Base.lproj/LaunchScreen.xib; sourceTree = "<group>"; };
		204AD4CC1B17046F0042FAE7 /* What's The Weather Fella?Tests.xctest */ = {isa = PBXFileReference; explicitFileType = wrapper.cfbundle; includeInIndex = 0; path = "What's The Weather Fella?Tests.xctest"; sourceTree = BUILT_PRODUCTS_DIR; };
		204AD4D11B17046F0042FAE7 /* Info.plist */ = {isa = PBXFileReference; lastKnownFileType = text.plist.xml; path = Info.plist; sourceTree = "<group>"; };
		204AD4D21B17046F0042FAE7 /* What_s_The_Weather_Fella_Tests.swift */ = {isa = PBXFileReference; lastKnownFileType = sourcecode.swift; path = What_s_The_Weather_Fella_Tests.swift; sourceTree = "<group>"; };
		204AD4DC1B1705CF0042FAE7 /* dark_clouds_hd_by_mattthesamurai-d37p539.jpg */ = {isa = PBXFileReference; lastKnownFileType = image.jpeg; name = "dark_clouds_hd_by_mattthesamurai-d37p539.jpg"; path = "Images.xcassets/dark_clouds_hd_by_mattthesamurai-d37p539.jpg"; sourceTree = "<group>"; };
/* End PBXFileReference section */

/* Begin PBXFrameworksBuildPhase section */
		204AD4B41B17046F0042FAE7 /* Frameworks */ = {
			isa = PBXFrameworksBuildPhase;
			buildActionMask = 2147483647;
			files = (
			);
			runOnlyForDeploymentPostprocessing = 0;
		};
		204AD4C91B17046F0042FAE7 /* Frameworks */ = {
			isa = PBXFrameworksBuildPhase;
			buildActionMask = 2147483647;
			files = (
			);
			runOnlyForDeploymentPostprocessing = 0;
		};
/* End PBXFrameworksBuildPhase section */

/* Begin PBXGroup section */
		204AD4AE1B17046F0042FAE7 = {
			isa = PBXGroup;
			children = (
				204AD4B91B17046F0042FAE7 /* What's The Weather Fella? */,
				204AD4CF1B17046F0042FAE7 /* What's The Weather Fella?Tests */,
				204AD4B81B17046F0042FAE7 /* Products */,
			);
			sourceTree = "<group>";
		};
		204AD4B81B17046F0042FAE7 /* Products */ = {
			isa = PBXGroup;
			children = (
				204AD4B71B17046F0042FAE7 /* What's The Weather Fella?.app */,
				204AD4CC1B17046F0042FAE7 /* What's The Weather Fella?Tests.xctest */,
			);
			name = Products;
			sourceTree = "<group>";
		};
		204AD4B91B17046F0042FAE7 /* What's The Weather Fella? */ = {
			isa = PBXGroup;
			children = (
				204AD4DC1B1705CF0042FAE7 /* dark_clouds_hd_by_mattthesamurai-d37p539.jpg */,
				204AD4BC1B17046F0042FAE7 /* AppDelegate.swift */,
				204AD4BE1B17046F0042FAE7 /* ViewController.swift */,
				204AD4C01B17046F0042FAE7 /* Main.storyboard */,
				204AD4C31B17046F0042FAE7 /* Images.xcassets */,
				204AD4C51B17046F0042FAE7 /* LaunchScreen.xib */,
				204AD4BA1B17046F0042FAE7 /* Supporting Files */,
			);
			path = "What's The Weather Fella?";
			sourceTree = "<group>";
		};
		204AD4BA1B17046F0042FAE7 /* Supporting Files */ = {
			isa = PBXGroup;
			children = (
				204AD4BB1B17046F0042FAE7 /* Info.plist */,
			);
			name = "Supporting Files";
			sourceTree = "<group>";
		};
		204AD4CF1B17046F0042FAE7 /* What's The Weather Fella?Tests */ = {
			isa = PBXGroup;
			children = (
				204AD4D21B17046F0042FAE7 /* What_s_The_Weather_Fella_Tests.swift */,
				204AD4D01B17046F0042FAE7 /* Supporting Files */,
			);
			path = "What's The Weather Fella?Tests";
			sourceTree = "<group>";
		};
		204AD4D01B17046F0042FAE7 /* Supporting Files */ = {
			isa = PBXGroup;
			children = (
				204AD4D11B17046F0042FAE7 /* Info.plist */,
			);
			name = "Supporting Files";
			sourceTree = "<group>";
		};
/* End PBXGroup section */

/* Begin PBXNativeTarget section */
		204AD4B61B17046F0042FAE7 /* What's The Weather Fella? */ = {
			isa = PBXNativeTarget;
			buildConfigurationList = 204AD4D61B17046F0042FAE7 /* Build configuration list for PBXNativeTarget "What's The Weather Fella?" */;
			buildPhases = (
				204AD4B31B17046F0042FAE7 /* Sources */,
				204AD4B41B17046F0042FAE7 /* Frameworks */,
				204AD4B51B17046F0042FAE7 /* Resources */,
			);
			buildRules = (
			);
			dependencies = (
			);
			name = "What's The Weather Fella?";
			productName = "What's The Weather Fella?";
			productReference = 204AD4B71B17046F0042FAE7 /* What's The Weather Fella?.app */;
			productType = "com.apple.product-type.application";
		};
		204AD4CB1B17046F0042FAE7 /* What's The Weather Fella?Tests */ = {
			isa = PBXNativeTarget;
			buildConfigurationList = 204AD4D91B17046F0042FAE7 /* Build configuration list for PBXNativeTarget "What's The Weather Fella?Tests" */;
			buildPhases = (
				204AD4C81B17046F0042FAE7 /* Sources */,
				204AD4C91B17046F0042FAE7 /* Frameworks */,
				204AD4CA1B17046F0042FAE7 /* Resources */,
			);
			buildRules = (
			);
			dependencies = (
				204AD4CE1B17046F0042FAE7 /* PBXTargetDependency */,
			);
			name = "What's The Weather Fella?Tests";
			productName = "What's The Weather Fella?Tests";
			productReference = 204AD4CC1B17046F0042FAE7 /* What's The Weather Fella?Tests.xctest */;
			productType = "com.apple.product-type.bundle.unit-test";
		};
/* End PBXNativeTarget section */

/* Begin PBXProject section */
		204AD4AF1B17046F0042FAE7 /* Project object */ = {
			isa = PBXProject;
			attributes = {
				LastSwiftUpdateCheck = 0700;
				LastUpgradeCheck = 0630;
				ORGANIZATIONNAME = "Tom Power";
				TargetAttributes = {
					204AD4B61B17046F0042FAE7 = {
						CreatedOnToolsVersion = 6.3;
					};
					204AD4CB1B17046F0042FAE7 = {
						CreatedOnToolsVersion = 6.3;
						TestTargetID = 204AD4B61B17046F0042FAE7;
					};
				};
			};
			buildConfigurationList = 204AD4B21B17046F0042FAE7 /* Build configuration list for PBXProject "What's The Weather Fella?" */;
			compatibilityVersion = "Xcode 3.2";
			developmentRegion = English;
			hasScannedForEncodings = 0;
			knownRegions = (
				en,
				Base,
			);
			mainGroup = 204AD4AE1B17046F0042FAE7;
			productRefGroup = 204AD4B81B17046F0042FAE7 /* Products */;
			projectDirPath = "";
			projectRoot = "";
			targets = (
				204AD4B61B17046F0042FAE7 /* What's The Weather Fella? */,
				204AD4CB1B17046F0042FAE7 /* What's The Weather Fella?Tests */,
			);
		};
/* End PBXProject section */

/* Begin PBXResourcesBuildPhase section */
		204AD4B51B17046F0042FAE7 /* Resources */ = {
			isa = PBXResourcesBuildPhase;
			buildActionMask = 2147483647;
			files = (
				204AD4C21B17046F0042FAE7 /* Main.storyboard in Resources */,
				204AD4C71B17046F0042FAE7 /* LaunchScreen.xib in Resources */,
				204AD4C41B17046F0042FAE7 /* Images.xcassets in Resources */,
				204AD4DD1B1705CF0042FAE7 /* dark_clouds_hd_by_mattthesamurai-d37p539.jpg in Resources */,
			);
			runOnlyForDeploymentPostprocessing = 0;
		};
		204AD4CA1B17046F0042FAE7 /* Resources */ = {
			isa = PBXResourcesBuildPhase;
			buildActionMask = 2147483647;
			files = (
			);
			runOnlyForDeploymentPostprocessing = 0;
		};
/* End PBXResourcesBuildPhase section */

/* Begin PBXSourcesBuildPhase section */
		204AD4B31B17046F0042FAE7 /* Sources */ = {
			isa = PBXSourcesBuildPhase;
			buildActionMask = 2147483647;
			files = (
				204AD4BF1B17046F0042FAE7 /* ViewController.swift in Sources */,
				204AD4BD1B17046F0042FAE7 /* AppDelegate.swift in Sources */,
			);
			runOnlyForDeploymentPostprocessing = 0;
		};
		204AD4C81B17046F0042FAE7 /* Sources */ = {
			isa = PBXSourcesBuildPhase;
			buildActionMask = 2147483647;
			files = (
				204AD4D31B17046F0042FAE7 /* What_s_The_Weather_Fella_Tests.swift in Sources */,
			);
			runOnlyForDeploymentPostprocessing = 0;
		};
/* End PBXSourcesBuildPhase section */

/* Begin PBXTargetDependency section */
		204AD4CE1B17046F0042FAE7 /* PBXTargetDependency */ = {
			isa = PBXTargetDependency;
			target = 204AD4B61B17046F0042FAE7 /* What's The Weather Fella? */;
			targetProxy = 204AD4CD1B17046F0042FAE7 /* PBXContainerItemProxy */;
		};
/* End PBXTargetDependency section */

/* Begin PBXVariantGroup section */
		204AD4C01B17046F0042FAE7 /* Main.storyboard */ = {
			isa = PBXVariantGroup;
			children = (
				204AD4C11B17046F0042FAE7 /* Base */,
			);
			name = Main.storyboard;
			sourceTree = "<group>";
		};
		204AD4C51B17046F0042FAE7 /* LaunchScreen.xib */ = {
			isa = PBXVariantGroup;
			children = (
				204AD4C61B17046F0042FAE7 /* Base */,
			);
			name = LaunchScreen.xib;
			sourceTree = "<group>";
		};
/* End PBXVariantGroup section */

/* Begin XCBuildConfiguration section */
		204AD4D41B17046F0042FAE7 /* Debug */ = {
			isa = XCBuildConfiguration;
			buildSettings = {
				ALWAYS_SEARCH_USER_PATHS = NO;
				CLANG_CXX_LANGUAGE_STANDARD = "gnu++0x";
				CLANG_CXX_LIBRARY = "libc++";
				CLANG_ENABLE_MODULES = YES;
				CLANG_ENABLE_OBJC_ARC = YES;
				CLANG_WARN_BOOL_CONVERSION = YES;
				CLANG_WARN_CONSTANT_CONVERSION = YES;
				CLANG_WARN_DIRECT_OBJC_ISA_USAGE = YES_ERROR;
				CLANG_WARN_EMPTY_BODY = YES;
				CLANG_WARN_ENUM_CONVERSION = YES;
				CLANG_WARN_INT_CONVERSION = YES;
				CLANG_WARN_OBJC_ROOT_CLASS = YES_ERROR;
				CLANG_WARN_UNREACHABLE_CODE = YES;
				CLANG_WARN__DUPLICATE_METHOD_MATCH = YES;
				"CODE_SIGN_IDENTITY[sdk=iphoneos*]" = "iPhone Developer";
				COPY_PHASE_STRIP = NO;
				DEBUG_INFORMATION_FORMAT = dwarf;
				ENABLE_STRICT_OBJC_MSGSEND = YES;
				GCC_C_LANGUAGE_STANDARD = gnu99;
				GCC_DYNAMIC_NO_PIC = NO;
				GCC_OPTIMIZATION_LEVEL = 0;
				GCC_PREPROCESSOR_DEFINITIONS = (
					"DEBUG=1",
					"$(inherited)",
				);
				GCC_SYMBOLS_PRIVATE_EXTERN = NO;
				GCC_WARN_64_TO_32_BIT_CONVERSION = YES;
				GCC_WARN_ABOUT_RETURN_TYPE = YES_ERROR;
				GCC_WARN_UNDECLARED_SELECTOR = YES;
				GCC_WARN_UNINITIALIZED_AUTOS = YES_AGGRESSIVE;
				GCC_WARN_UNUSED_FUNCTION = YES;
				GCC_WARN_UNUSED_VARIABLE = YES;
				IPHONEOS_DEPLOYMENT_TARGET = 8.3;
				MTL_ENABLE_DEBUG_INFO = YES;
				ONLY_ACTIVE_ARCH = YES;
				SDKROOT = iphoneos;
				SWIFT_OPTIMIZATION_LEVEL = "-Onone";
				TARGETED_DEVICE_FAMILY = "1,2";
			};
			name = Debug;
		};
		204AD4D51B17046F0042FAE7 /* Release */ = {
			isa = XCBuildConfiguration;
			buildSettings = {
				ALWAYS_SEARCH_USER_PATHS = NO;
				CLANG_CXX_LANGUAGE_STANDARD = "gnu++0x";
				CLANG_CXX_LIBRARY = "libc++";
				CLANG_ENABLE_MODULES = YES;
				CLANG_ENABLE_OBJC_ARC = YES;
				CLANG_WARN_BOOL_CONVERSION = YES;
				CLANG_WARN_CONSTANT_CONVERSION = YES;
				CLANG_WARN_DIRECT_OBJC_ISA_USAGE = YES_ERROR;
				CLANG_WARN_EMPTY_BODY = YES;
				CLANG_WARN_ENUM_CONVERSION = YES;
				CLANG_WARN_INT_CONVERSION = YES;
				CLANG_WARN_OBJC_ROOT_CLASS = YES_ERROR;
				CLANG_WARN_UNREACHABLE_CODE = YES;
				CLANG_WARN__DUPLICATE_METHOD_MATCH = YES;
				"CODE_SIGN_IDENTITY[sdk=iphoneos*]" = "iPhone Developer";
				COPY_PHASE_STRIP = NO;
				DEBUG_INFORMATION_FORMAT = "dwarf-with-dsym";
				ENABLE_NS_ASSERTIONS = NO;
				ENABLE_STRICT_OBJC_MSGSEND = YES;
				GCC_C_LANGUAGE_STANDARD = gnu99;
				GCC_WARN_64_TO_32_BIT_CONVERSION = YES;
				GCC_WARN_ABOUT_RETURN_TYPE = YES_ERROR;
				GCC_WARN_UNDECLARED_SELECTOR = YES;
				GCC_WARN_UNINITIALIZED_AUTOS = YES_AGGRESSIVE;
				GCC_WARN_UNUSED_FUNCTION = YES;
				GCC_WARN_UNUSED_VARIABLE = YES;
				IPHONEOS_DEPLOYMENT_TARGET = 8.3;
				MTL_ENABLE_DEBUG_INFO = NO;
				SDKROOT = iphoneos;
				TARGETED_DEVICE_FAMILY = "1,2";
				VALIDATE_PRODUCT = YES;
			};
			name = Release;
		};
		204AD4D71B17046F0042FAE7 /* Debug */ = {
			isa = XCBuildConfiguration;
			buildSettings = {
				ASSETCATALOG_COMPILER_APPICON_NAME = AppIcon;
				INFOPLIST_FILE = "What's The Weather Fella?/Info.plist";
				IPHONEOS_DEPLOYMENT_TARGET = 7.1;
				LD_RUNPATH_SEARCH_PATHS = "$(inherited) @executable_path/Frameworks";
				PRODUCT_NAME = "$(TARGET_NAME)";
				TARGETED_DEVICE_FAMILY = 1;
			};
			name = Debug;
		};
		204AD4D81B17046F0042FAE7 /* Release */ = {
			isa = XCBuildConfiguration;
			buildSettings = {
				ASSETCATALOG_COMPILER_APPICON_NAME = AppIcon;
				INFOPLIST_FILE = "What's The Weather Fella?/Info.plist";
				IPHONEOS_DEPLOYMENT_TARGET = 7.1;
				LD_RUNPATH_SEARCH_PATHS = "$(inherited) @executable_path/Frameworks";
				PRODUCT_NAME = "$(TARGET_NAME)";
				TARGETED_DEVICE_FAMILY = 1;
			};
			name = Release;
		};
		204AD4DA1B17046F0042FAE7 /* Debug */ = {
			isa = XCBuildConfiguration;
			buildSettings = {
				BUNDLE_LOADER = "$(TEST_HOST)";
				FRAMEWORK_SEARCH_PATHS = (
					"$(SDKROOT)/Developer/Library/Frameworks",
					"$(inherited)",
				);
				GCC_PREPROCESSOR_DEFINITIONS = (
					"DEBUG=1",
					"$(inherited)",
				);
				INFOPLIST_FILE = "What's The Weather Fella?Tests/Info.plist";
				LD_RUNPATH_SEARCH_PATHS = "$(inherited) @executable_path/Frameworks @loader_path/Frameworks";
				PRODUCT_NAME = "$(TARGET_NAME)";
				TEST_HOST = "$(BUILT_PRODUCTS_DIR)/What's The Weather Fella?.app/What's The Weather Fella?";
			};
			name = Debug;
		};
		204AD4DB1B17046F0042FAE7 /* Release */ = {
			isa = XCBuildConfiguration;
			buildSettings = {
				BUNDLE_LOADER = "$(TEST_HOST)";
				FRAMEWORK_SEARCH_PATHS = (
					"$(SDKROOT)/Developer/Library/Frameworks",
					"$(inherited)",
				);
				INFOPLIST_FILE = "What's The Weather Fella?Tests/Info.plist";
				LD_RUNPATH_SEARCH_PATHS = "$(inherited) @executable_path/Frameworks @loader_path/Frameworks";
				PRODUCT_NAME = "$(TARGET_NAME)";
				TEST_HOST = "$(BUILT_PRODUCTS_DIR)/What's The Weather Fella?.app/What's The Weather Fella?";
			};
			name = Release;
		};
/* End XCBuildConfiguration section */

/* Begin XCConfigurationList section */
		204AD4B21B17046F0042FAE7 /* Build configuration list for PBXProject "What's The Weather Fella?" */ = {
			isa = XCConfigurationList;
			buildConfigurations = (
				204AD4D41B17046F0042FAE7 /* Debug */,
				204AD4D51B17046F0042FAE7 /* Release */,
			);
			defaultConfigurationIsVisible = 0;
			defaultConfigurationName = Release;
		};
		204AD4D61B17046F0042FAE7 /* Build configuration list for PBXNativeTarget "What's The Weather Fella?" */ = {
			isa = XCConfigurationList;
			buildConfigurations = (
				204AD4D71B17046F0042FAE7 /* Debug */,
				204AD4D81B17046F0042FAE7 /* Release */,
			);
			defaultConfigurationIsVisible = 0;
			defaultConfigurationName = Release;
		};
		204AD4D91B17046F0042FAE7 /* Build configuration list for PBXNativeTarget "What's The Weather Fella?Tests" */ = {
			isa = XCConfigurationList;
			buildConfigurations = (
				204AD4DA1B17046F0042FAE7 /* Debug */,
				204AD4DB1B17046F0042FAE7 /* Release */,
			);
			defaultConfigurationIsVisible = 0;
			defaultConfigurationName = Release;
		};
/* End XCConfigurationList section */
	};
	rootObject = 204AD4AF1B17046F0042FAE7 /* Project object */;
}
